<?xml version="1.0" encoding="UTF-8"?>
<!DOCTYPE plist PUBLIC "-//Apple//DTD PLIST 1.0//EN" "http://www.apple.com/DTDs/PropertyList-1.0.dtd">
<plist version="1.0">
<dict>
	<key>archiveVersion</key>
	<string>1</string>
	<key>classes</key>
	<dict/>
	<key>objectVersion</key>
	<string>46</string>
	<key>objects</key>
	<dict>
		<key>0851CEA1DDCE47C582B4B43A</key>
		<dict>
			<key>includeInIndex</key>
			<string>1</string>
			<key>isa</key>
			<string>PBXFileReference</string>
			<key>lastKnownFileType</key>
			<string>text.xcconfig</string>
			<key>name</key>
			<string>Pods.xcconfig</string>
			<key>path</key>
			<string>Pods/Pods.xcconfig</string>
			<key>sourceTree</key>
			<string>&lt;group&gt;</string>
		</dict>
		<key>094EC87B2FC44309994D62D3</key>
		<dict>
			<key>buildActionMask</key>
			<string>2147483647</string>
			<key>files</key>
			<array/>
			<key>inputPaths</key>
			<array/>
			<key>isa</key>
			<string>PBXShellScriptBuildPhase</string>
			<key>name</key>
			<string>Copy Pods Resources</string>
			<key>outputPaths</key>
			<array/>
			<key>runOnlyForDeploymentPostprocessing</key>
			<string>0</string>
			<key>shellPath</key>
			<string>/bin/sh</string>
			<key>shellScript</key>
			<string>"${SRCROOT}/Pods/Pods-resources.sh"
</string>
			<key>showEnvVarsInLog</key>
			<string>0</string>
		</dict>
		<key>3DD02C7309D140F8986EA770</key>
		<dict>
			<key>buildActionMask</key>
			<string>2147483647</string>
			<key>files</key>
			<array/>
			<key>inputPaths</key>
			<array/>
			<key>isa</key>
			<string>PBXShellScriptBuildPhase</string>
			<key>name</key>
			<string>Check Pods Manifest.lock</string>
			<key>outputPaths</key>
			<array/>
			<key>runOnlyForDeploymentPostprocessing</key>
			<string>0</string>
			<key>shellPath</key>
			<string>/bin/sh</string>
			<key>shellScript</key>
			<string>diff "${PODS_ROOT}/../Podfile.lock" "${PODS_ROOT}/Manifest.lock" &gt; /dev/null
if [[ $? != 0 ]] ; then
    cat &lt;&lt; EOM
error: The sandbox is not in sync with the Podfile.lock. Run 'pod install' or update your CocoaPods installation.
EOM
    exit 1
fi
</string>
			<key>showEnvVarsInLog</key>
			<string>0</string>
		</dict>
		<key>5E69FD0A457B48C1AF156D8E</key>
		<dict>
			<key>explicitFileType</key>
			<string>archive.ar</string>
			<key>includeInIndex</key>
			<string>0</string>
			<key>isa</key>
			<string>PBXFileReference</string>
			<key>path</key>
			<string>libPods.a</string>
			<key>sourceTree</key>
			<string>BUILT_PRODUCTS_DIR</string>
		</dict>
		<key>7BB9D1FC18F2AB2200B5AC66</key>
		<dict>
			<key>children</key>
			<array>
				<string>7BB9D20E18F2AB2300B5AC66</string>
				<string>7BB9D22D18F2AB2300B5AC66</string>
				<string>7BB9D20718F2AB2200B5AC66</string>
				<string>7BB9D20618F2AB2200B5AC66</string>
				<string>0851CEA1DDCE47C582B4B43A</string>
			</array>
			<key>isa</key>
			<string>PBXGroup</string>
			<key>sourceTree</key>
			<string>&lt;group&gt;</string>
		</dict>
		<key>7BB9D1FD18F2AB2200B5AC66</key>
		<dict>
			<key>attributes</key>
			<dict>
				<key>CLASSPREFIX</key>
				<string>STM</string>
				<key>LastUpgradeCheck</key>
				<string>0510</string>
				<key>ORGANIZATIONNAME</key>
				<string>Stefano Mondino</string>
				<key>TargetAttributes</key>
				<dict>
					<key>7BB9D22518F2AB2300B5AC66</key>
					<dict>
						<key>TestTargetID</key>
						<string>7BB9D20418F2AB2200B5AC66</string>
					</dict>
				</dict>
			</dict>
			<key>buildConfigurationList</key>
			<string>7BB9D20018F2AB2200B5AC66</string>
			<key>compatibilityVersion</key>
			<string>Xcode 3.2</string>
			<key>developmentRegion</key>
			<string>English</string>
			<key>hasScannedForEncodings</key>
			<string>0</string>
			<key>isa</key>
			<string>PBXProject</string>
			<key>knownRegions</key>
			<array>
				<string>en</string>
				<string>Base</string>
			</array>
			<key>mainGroup</key>
			<string>7BB9D1FC18F2AB2200B5AC66</string>
			<key>productRefGroup</key>
			<string>7BB9D20618F2AB2200B5AC66</string>
			<key>projectDirPath</key>
			<string></string>
			<key>projectReferences</key>
			<array/>
			<key>projectRoot</key>
			<string></string>
			<key>targets</key>
			<array>
				<string>7BB9D20418F2AB2200B5AC66</string>
				<string>7BB9D22518F2AB2300B5AC66</string>
			</array>
		</dict>
		<key>7BB9D20018F2AB2200B5AC66</key>
		<dict>
			<key>buildConfigurations</key>
			<array>
				<string>7BB9D23518F2AB2300B5AC66</string>
				<string>7BB9D23618F2AB2300B5AC66</string>
			</array>
			<key>defaultConfigurationIsVisible</key>
			<string>0</string>
			<key>defaultConfigurationName</key>
			<string>Release</string>
			<key>isa</key>
			<string>XCConfigurationList</string>
		</dict>
		<key>7BB9D20118F2AB2200B5AC66</key>
		<dict>
			<key>buildActionMask</key>
			<string>2147483647</string>
			<key>files</key>
			<array>
				<string>7BB9D25018F2AB4600B5AC66</string>
				<string>7BB9D24E18F2AB4600B5AC66</string>
				<string>7BB9D24C18F2AB4600B5AC66</string>
				<string>7BB9D25118F2AB4600B5AC66</string>
				<string>7BB9D21518F2AB2300B5AC66</string>
				<string>7BB9D24D18F2AB4600B5AC66</string>
				<string>7BB9D24F18F2AB4600B5AC66</string>
			</array>
			<key>isa</key>
			<string>PBXSourcesBuildPhase</string>
			<key>runOnlyForDeploymentPostprocessing</key>
			<string>0</string>
		</dict>
		<key>7BB9D20218F2AB2200B5AC66</key>
		<dict>
			<key>buildActionMask</key>
			<string>2147483647</string>
			<key>files</key>
			<array>
				<string>7BB9D20B18F2AB2200B5AC66</string>
				<string>7BB9D20D18F2AB2300B5AC66</string>
				<string>7BB9D20918F2AB2200B5AC66</string>
				<string>F48A067B68BD490DA81F7B48</string>
			</array>
			<key>isa</key>
			<string>PBXFrameworksBuildPhase</string>
			<key>runOnlyForDeploymentPostprocessing</key>
			<string>0</string>
		</dict>
		<key>7BB9D20318F2AB2200B5AC66</key>
		<dict>
			<key>buildActionMask</key>
			<string>2147483647</string>
			<key>files</key>
			<array>
				<string>7BB9D22118F2AB2300B5AC66</string>
				<string>7BB9D25218F2AB4600B5AC66</string>
				<string>7BB9D24B18F2AB4600B5AC66</string>
				<string>7BB9D21318F2AB2300B5AC66</string>
			</array>
			<key>isa</key>
			<string>PBXResourcesBuildPhase</string>
			<key>runOnlyForDeploymentPostprocessing</key>
			<string>0</string>
		</dict>
		<key>7BB9D20418F2AB2200B5AC66</key>
		<dict>
			<key>buildConfigurationList</key>
			<string>7BB9D23718F2AB2300B5AC66</string>
			<key>buildPhases</key>
			<array>
				<string>3DD02C7309D140F8986EA770</string>
				<string>7BB9D20118F2AB2200B5AC66</string>
				<string>7BB9D20218F2AB2200B5AC66</string>
				<string>7BB9D20318F2AB2200B5AC66</string>
				<string>094EC87B2FC44309994D62D3</string>
			</array>
			<key>buildRules</key>
			<array/>
			<key>dependencies</key>
			<array/>
			<key>isa</key>
			<string>PBXNativeTarget</string>
			<key>name</key>
			<string>STMQuickRestKitExample</string>
			<key>productName</key>
			<string>STMQuickRestKitExample</string>
			<key>productReference</key>
			<string>7BB9D20518F2AB2200B5AC66</string>
			<key>productType</key>
			<string>com.apple.product-type.application</string>
		</dict>
		<key>7BB9D20518F2AB2200B5AC66</key>
		<dict>
			<key>explicitFileType</key>
			<string>wrapper.application</string>
			<key>includeInIndex</key>
			<string>0</string>
			<key>isa</key>
			<string>PBXFileReference</string>
			<key>path</key>
			<string>STMQuickRestKitExample.app</string>
			<key>sourceTree</key>
			<string>BUILT_PRODUCTS_DIR</string>
		</dict>
		<key>7BB9D20618F2AB2200B5AC66</key>
		<dict>
			<key>children</key>
			<array>
				<string>7BB9D20518F2AB2200B5AC66</string>
				<string>7BB9D22618F2AB2300B5AC66</string>
			</array>
			<key>isa</key>
			<string>PBXGroup</string>
			<key>name</key>
			<string>Products</string>
			<key>sourceTree</key>
			<string>&lt;group&gt;</string>
		</dict>
		<key>7BB9D20718F2AB2200B5AC66</key>
		<dict>
			<key>children</key>
			<array>
				<string>7BB9D20818F2AB2200B5AC66</string>
				<string>7BB9D20A18F2AB2200B5AC66</string>
				<string>7BB9D20C18F2AB2300B5AC66</string>
				<string>7BB9D22718F2AB2300B5AC66</string>
				<string>5E69FD0A457B48C1AF156D8E</string>
			</array>
			<key>isa</key>
			<string>PBXGroup</string>
			<key>name</key>
			<string>Frameworks</string>
			<key>sourceTree</key>
			<string>&lt;group&gt;</string>
		</dict>
		<key>7BB9D20818F2AB2200B5AC66</key>
		<dict>
			<key>isa</key>
			<string>PBXFileReference</string>
			<key>lastKnownFileType</key>
			<string>wrapper.framework</string>
			<key>name</key>
			<string>Foundation.framework</string>
			<key>path</key>
			<string>System/Library/Frameworks/Foundation.framework</string>
			<key>sourceTree</key>
			<string>SDKROOT</string>
		</dict>
		<key>7BB9D20918F2AB2200B5AC66</key>
		<dict>
			<key>fileRef</key>
			<string>7BB9D20818F2AB2200B5AC66</string>
			<key>isa</key>
			<string>PBXBuildFile</string>
		</dict>
		<key>7BB9D20A18F2AB2200B5AC66</key>
		<dict>
			<key>isa</key>
			<string>PBXFileReference</string>
			<key>lastKnownFileType</key>
			<string>wrapper.framework</string>
			<key>name</key>
			<string>CoreGraphics.framework</string>
			<key>path</key>
			<string>System/Library/Frameworks/CoreGraphics.framework</string>
			<key>sourceTree</key>
			<string>SDKROOT</string>
		</dict>
		<key>7BB9D20B18F2AB2200B5AC66</key>
		<dict>
			<key>fileRef</key>
			<string>7BB9D20A18F2AB2200B5AC66</string>
			<key>isa</key>
			<string>PBXBuildFile</string>
		</dict>
		<key>7BB9D20C18F2AB2300B5AC66</key>
		<dict>
			<key>isa</key>
			<string>PBXFileReference</string>
			<key>lastKnownFileType</key>
			<string>wrapper.framework</string>
			<key>name</key>
			<string>UIKit.framework</string>
			<key>path</key>
			<string>System/Library/Frameworks/UIKit.framework</string>
			<key>sourceTree</key>
			<string>SDKROOT</string>
		</dict>
		<key>7BB9D20D18F2AB2300B5AC66</key>
		<dict>
			<key>fileRef</key>
			<string>7BB9D20C18F2AB2300B5AC66</string>
			<key>isa</key>
			<string>PBXBuildFile</string>
		</dict>
		<key>7BB9D20E18F2AB2300B5AC66</key>
		<dict>
			<key>children</key>
			<array>
				<string>7BB9D22018F2AB2300B5AC66</string>
				<string>7BB9D23D18F2AB4600B5AC66</string>
				<string>7BB9D23E18F2AB4600B5AC66</string>
				<string>7BB9D23F18F2AB4600B5AC66</string>
				<string>7BB9D24018F2AB4600B5AC66</string>
				<string>7BB9D24118F2AB4600B5AC66</string>
				<string>7BB9D24218F2AB4600B5AC66</string>
				<string>7BB9D24318F2AB4600B5AC66</string>
				<string>7BB9D24418F2AB4600B5AC66</string>
				<string>7BB9D24518F2AB4600B5AC66</string>
				<string>7BB9D24618F2AB4600B5AC66</string>
				<string>7BB9D24718F2AB4600B5AC66</string>
				<string>7BB9D24818F2AB4600B5AC66</string>
				<string>7BB9D24A18F2AB4600B5AC66</string>
				<string>7BB9D20F18F2AB2300B5AC66</string>
			</array>
			<key>isa</key>
			<string>PBXGroup</string>
			<key>path</key>
			<string>STMQuickRestKitExample</string>
			<key>sourceTree</key>
			<string>&lt;group&gt;</string>
		</dict>
		<key>7BB9D20F18F2AB2300B5AC66</key>
		<dict>
			<key>children</key>
			<array>
				<string>7BB9D21018F2AB2300B5AC66</string>
				<string>7BB9D21118F2AB2300B5AC66</string>
				<string>7BB9D21418F2AB2300B5AC66</string>
				<string>7BB9D21618F2AB2300B5AC66</string>
			</array>
			<key>isa</key>
			<string>PBXGroup</string>
			<key>name</key>
			<string>Supporting Files</string>
			<key>sourceTree</key>
			<string>&lt;group&gt;</string>
		</dict>
		<key>7BB9D21018F2AB2300B5AC66</key>
		<dict>
			<key>isa</key>
			<string>PBXFileReference</string>
			<key>lastKnownFileType</key>
			<string>text.plist.xml</string>
			<key>path</key>
			<string>STMQuickRestKitExample-Info.plist</string>
			<key>sourceTree</key>
			<string>&lt;group&gt;</string>
		</dict>
		<key>7BB9D21118F2AB2300B5AC66</key>
		<dict>
			<key>children</key>
			<array>
				<string>7BB9D21218F2AB2300B5AC66</string>
			</array>
			<key>isa</key>
			<string>PBXVariantGroup</string>
			<key>name</key>
			<string>InfoPlist.strings</string>
			<key>sourceTree</key>
			<string>&lt;group&gt;</string>
		</dict>
		<key>7BB9D21218F2AB2300B5AC66</key>
		<dict>
			<key>isa</key>
			<string>PBXFileReference</string>
			<key>lastKnownFileType</key>
			<string>text.plist.strings</string>
			<key>name</key>
			<string>en</string>
			<key>path</key>
			<string>en.lproj/InfoPlist.strings</string>
			<key>sourceTree</key>
			<string>&lt;group&gt;</string>
		</dict>
		<key>7BB9D21318F2AB2300B5AC66</key>
		<dict>
			<key>fileRef</key>
			<string>7BB9D21118F2AB2300B5AC66</string>
			<key>isa</key>
			<string>PBXBuildFile</string>
		</dict>
		<key>7BB9D21418F2AB2300B5AC66</key>
		<dict>
			<key>isa</key>
			<string>PBXFileReference</string>
			<key>lastKnownFileType</key>
			<string>sourcecode.c.objc</string>
			<key>path</key>
			<string>main.m</string>
			<key>sourceTree</key>
			<string>&lt;group&gt;</string>
		</dict>
		<key>7BB9D21518F2AB2300B5AC66</key>
		<dict>
			<key>fileRef</key>
			<string>7BB9D21418F2AB2300B5AC66</string>
			<key>isa</key>
			<string>PBXBuildFile</string>
		</dict>
		<key>7BB9D21618F2AB2300B5AC66</key>
		<dict>
			<key>isa</key>
			<string>PBXFileReference</string>
			<key>lastKnownFileType</key>
			<string>sourcecode.c.h</string>
			<key>path</key>
			<string>STMQuickRestKitExample-Prefix.pch</string>
			<key>sourceTree</key>
			<string>&lt;group&gt;</string>
		</dict>
		<key>7BB9D22018F2AB2300B5AC66</key>
		<dict>
			<key>isa</key>
			<string>PBXFileReference</string>
			<key>lastKnownFileType</key>
			<string>folder.assetcatalog</string>
			<key>path</key>
			<string>Images.xcassets</string>
			<key>sourceTree</key>
			<string>&lt;group&gt;</string>
		</dict>
		<key>7BB9D22118F2AB2300B5AC66</key>
		<dict>
			<key>fileRef</key>
			<string>7BB9D22018F2AB2300B5AC66</string>
			<key>isa</key>
			<string>PBXBuildFile</string>
		</dict>
		<key>7BB9D22218F2AB2300B5AC66</key>
		<dict>
			<key>buildActionMask</key>
			<string>2147483647</string>
			<key>files</key>
			<array>
				<string>7BB9D23418F2AB2300B5AC66</string>
			</array>
			<key>isa</key>
			<string>PBXSourcesBuildPhase</string>
			<key>runOnlyForDeploymentPostprocessing</key>
			<string>0</string>
		</dict>
		<key>7BB9D22318F2AB2300B5AC66</key>
		<dict>
			<key>buildActionMask</key>
			<string>2147483647</string>
			<key>files</key>
			<array>
				<string>7BB9D22818F2AB2300B5AC66</string>
				<string>7BB9D22A18F2AB2300B5AC66</string>
				<string>7BB9D22918F2AB2300B5AC66</string>
			</array>
			<key>isa</key>
			<string>PBXFrameworksBuildPhase</string>
			<key>runOnlyForDeploymentPostprocessing</key>
			<string>0</string>
		</dict>
		<key>7BB9D22418F2AB2300B5AC66</key>
		<dict>
			<key>buildActionMask</key>
			<string>2147483647</string>
			<key>files</key>
			<array>
				<string>7BB9D23218F2AB2300B5AC66</string>
			</array>
			<key>isa</key>
			<string>PBXResourcesBuildPhase</string>
			<key>runOnlyForDeploymentPostprocessing</key>
			<string>0</string>
		</dict>
		<key>7BB9D22518F2AB2300B5AC66</key>
		<dict>
			<key>buildConfigurationList</key>
			<string>7BB9D23A18F2AB2300B5AC66</string>
			<key>buildPhases</key>
			<array>
				<string>7BB9D22218F2AB2300B5AC66</string>
				<string>7BB9D22318F2AB2300B5AC66</string>
				<string>7BB9D22418F2AB2300B5AC66</string>
			</array>
			<key>buildRules</key>
			<array/>
			<key>dependencies</key>
			<array>
				<string>7BB9D22C18F2AB2300B5AC66</string>
			</array>
			<key>isa</key>
			<string>PBXNativeTarget</string>
			<key>name</key>
			<string>STMQuickRestKitExampleTests</string>
			<key>productName</key>
			<string>STMQuickRestKitExampleTests</string>
			<key>productReference</key>
			<string>7BB9D22618F2AB2300B5AC66</string>
			<key>productType</key>
			<string>com.apple.product-type.bundle.unit-test</string>
		</dict>
		<key>7BB9D22618F2AB2300B5AC66</key>
		<dict>
			<key>explicitFileType</key>
			<string>wrapper.cfbundle</string>
			<key>includeInIndex</key>
			<string>0</string>
			<key>isa</key>
			<string>PBXFileReference</string>
			<key>path</key>
			<string>STMQuickRestKitExampleTests.xctest</string>
			<key>sourceTree</key>
			<string>BUILT_PRODUCTS_DIR</string>
		</dict>
		<key>7BB9D22718F2AB2300B5AC66</key>
		<dict>
			<key>isa</key>
			<string>PBXFileReference</string>
			<key>lastKnownFileType</key>
			<string>wrapper.framework</string>
			<key>name</key>
			<string>XCTest.framework</string>
			<key>path</key>
			<string>Library/Frameworks/XCTest.framework</string>
			<key>sourceTree</key>
			<string>DEVELOPER_DIR</string>
		</dict>
		<key>7BB9D22818F2AB2300B5AC66</key>
		<dict>
			<key>fileRef</key>
			<string>7BB9D22718F2AB2300B5AC66</string>
			<key>isa</key>
			<string>PBXBuildFile</string>
		</dict>
		<key>7BB9D22918F2AB2300B5AC66</key>
		<dict>
			<key>fileRef</key>
			<string>7BB9D20818F2AB2200B5AC66</string>
			<key>isa</key>
			<string>PBXBuildFile</string>
		</dict>
		<key>7BB9D22A18F2AB2300B5AC66</key>
		<dict>
			<key>fileRef</key>
			<string>7BB9D20C18F2AB2300B5AC66</string>
			<key>isa</key>
			<string>PBXBuildFile</string>
		</dict>
		<key>7BB9D22B18F2AB2300B5AC66</key>
		<dict>
			<key>containerPortal</key>
			<string>7BB9D1FD18F2AB2200B5AC66</string>
			<key>isa</key>
			<string>PBXContainerItemProxy</string>
			<key>proxyType</key>
			<string>1</string>
			<key>remoteGlobalIDString</key>
			<string>7BB9D20418F2AB2200B5AC66</string>
			<key>remoteInfo</key>
			<string>STMQuickRestKitExample</string>
		</dict>
		<key>7BB9D22C18F2AB2300B5AC66</key>
		<dict>
			<key>isa</key>
			<string>PBXTargetDependency</string>
			<key>target</key>
			<string>7BB9D20418F2AB2200B5AC66</string>
			<key>targetProxy</key>
			<string>7BB9D22B18F2AB2300B5AC66</string>
		</dict>
		<key>7BB9D22D18F2AB2300B5AC66</key>
		<dict>
			<key>children</key>
			<array>
				<string>7BB9D23318F2AB2300B5AC66</string>
				<string>7BB9D22E18F2AB2300B5AC66</string>
			</array>
			<key>isa</key>
			<string>PBXGroup</string>
			<key>path</key>
			<string>STMQuickRestKitExampleTests</string>
			<key>sourceTree</key>
			<string>&lt;group&gt;</string>
		</dict>
		<key>7BB9D22E18F2AB2300B5AC66</key>
		<dict>
			<key>children</key>
			<array>
				<string>7BB9D22F18F2AB2300B5AC66</string>
				<string>7BB9D23018F2AB2300B5AC66</string>
			</array>
			<key>isa</key>
			<string>PBXGroup</string>
			<key>name</key>
			<string>Supporting Files</string>
			<key>sourceTree</key>
			<string>&lt;group&gt;</string>
		</dict>
		<key>7BB9D22F18F2AB2300B5AC66</key>
		<dict>
			<key>isa</key>
			<string>PBXFileReference</string>
			<key>lastKnownFileType</key>
			<string>text.plist.xml</string>
			<key>path</key>
			<string>STMQuickRestKitExampleTests-Info.plist</string>
			<key>sourceTree</key>
			<string>&lt;group&gt;</string>
		</dict>
		<key>7BB9D23018F2AB2300B5AC66</key>
		<dict>
			<key>children</key>
			<array>
				<string>7BB9D23118F2AB2300B5AC66</string>
			</array>
			<key>isa</key>
			<string>PBXVariantGroup</string>
			<key>name</key>
			<string>InfoPlist.strings</string>
			<key>sourceTree</key>
			<string>&lt;group&gt;</string>
		</dict>
		<key>7BB9D23118F2AB2300B5AC66</key>
		<dict>
			<key>isa</key>
			<string>PBXFileReference</string>
			<key>lastKnownFileType</key>
			<string>text.plist.strings</string>
			<key>name</key>
			<string>en</string>
			<key>path</key>
			<string>en.lproj/InfoPlist.strings</string>
			<key>sourceTree</key>
			<string>&lt;group&gt;</string>
		</dict>
		<key>7BB9D23218F2AB2300B5AC66</key>
		<dict>
			<key>fileRef</key>
			<string>7BB9D23018F2AB2300B5AC66</string>
			<key>isa</key>
			<string>PBXBuildFile</string>
		</dict>
		<key>7BB9D23318F2AB2300B5AC66</key>
		<dict>
			<key>isa</key>
			<string>PBXFileReference</string>
			<key>lastKnownFileType</key>
			<string>sourcecode.c.objc</string>
			<key>path</key>
			<string>STMQuickRestKitExampleTests.m</string>
			<key>sourceTree</key>
			<string>&lt;group&gt;</string>
		</dict>
		<key>7BB9D23418F2AB2300B5AC66</key>
		<dict>
			<key>fileRef</key>
			<string>7BB9D23318F2AB2300B5AC66</string>
			<key>isa</key>
			<string>PBXBuildFile</string>
		</dict>
		<key>7BB9D23518F2AB2300B5AC66</key>
		<dict>
			<key>buildSettings</key>
			<dict>
				<key>ALWAYS_SEARCH_USER_PATHS</key>
				<string>NO</string>
				<key>CLANG_CXX_LANGUAGE_STANDARD</key>
				<string>gnu++0x</string>
				<key>CLANG_CXX_LIBRARY</key>
				<string>libc++</string>
				<key>CLANG_ENABLE_MODULES</key>
				<string>YES</string>
				<key>CLANG_ENABLE_OBJC_ARC</key>
				<string>YES</string>
				<key>CLANG_WARN_BOOL_CONVERSION</key>
				<string>YES</string>
				<key>CLANG_WARN_CONSTANT_CONVERSION</key>
				<string>YES</string>
				<key>CLANG_WARN_DIRECT_OBJC_ISA_USAGE</key>
				<string>YES_ERROR</string>
				<key>CLANG_WARN_EMPTY_BODY</key>
				<string>YES</string>
				<key>CLANG_WARN_ENUM_CONVERSION</key>
				<string>YES</string>
				<key>CLANG_WARN_INT_CONVERSION</key>
				<string>YES</string>
				<key>CLANG_WARN_OBJC_ROOT_CLASS</key>
				<string>YES_ERROR</string>
				<key>CLANG_WARN__DUPLICATE_METHOD_MATCH</key>
				<string>YES</string>
				<key>CODE_SIGN_IDENTITY[sdk=iphoneos*]</key>
				<string>iPhone Developer</string>
				<key>COPY_PHASE_STRIP</key>
				<string>NO</string>
				<key>GCC_C_LANGUAGE_STANDARD</key>
				<string>gnu99</string>
				<key>GCC_DYNAMIC_NO_PIC</key>
				<string>NO</string>
				<key>GCC_OPTIMIZATION_LEVEL</key>
				<string>0</string>
				<key>GCC_PREPROCESSOR_DEFINITIONS</key>
				<array>
					<string>DEBUG=1</string>
					<string>$(inherited)</string>
				</array>
				<key>GCC_SYMBOLS_PRIVATE_EXTERN</key>
				<string>NO</string>
				<key>GCC_WARN_64_TO_32_BIT_CONVERSION</key>
				<string>YES</string>
				<key>GCC_WARN_ABOUT_RETURN_TYPE</key>
				<string>YES_ERROR</string>
				<key>GCC_WARN_UNDECLARED_SELECTOR</key>
				<string>YES</string>
				<key>GCC_WARN_UNINITIALIZED_AUTOS</key>
				<string>YES_AGGRESSIVE</string>
				<key>GCC_WARN_UNUSED_FUNCTION</key>
				<string>YES</string>
				<key>GCC_WARN_UNUSED_VARIABLE</key>
				<string>YES</string>
				<key>IPHONEOS_DEPLOYMENT_TARGET</key>
				<string>7.1</string>
				<key>ONLY_ACTIVE_ARCH</key>
				<string>YES</string>
				<key>SDKROOT</key>
				<string>iphoneos</string>
			</dict>
			<key>isa</key>
			<string>XCBuildConfiguration</string>
			<key>name</key>
			<string>Debug</string>
		</dict>
		<key>7BB9D23618F2AB2300B5AC66</key>
		<dict>
			<key>buildSettings</key>
			<dict>
				<key>ALWAYS_SEARCH_USER_PATHS</key>
				<string>NO</string>
				<key>CLANG_CXX_LANGUAGE_STANDARD</key>
				<string>gnu++0x</string>
				<key>CLANG_CXX_LIBRARY</key>
				<string>libc++</string>
				<key>CLANG_ENABLE_MODULES</key>
				<string>YES</string>
				<key>CLANG_ENABLE_OBJC_ARC</key>
				<string>YES</string>
				<key>CLANG_WARN_BOOL_CONVERSION</key>
				<string>YES</string>
				<key>CLANG_WARN_CONSTANT_CONVERSION</key>
				<string>YES</string>
				<key>CLANG_WARN_DIRECT_OBJC_ISA_USAGE</key>
				<string>YES_ERROR</string>
				<key>CLANG_WARN_EMPTY_BODY</key>
				<string>YES</string>
				<key>CLANG_WARN_ENUM_CONVERSION</key>
				<string>YES</string>
				<key>CLANG_WARN_INT_CONVERSION</key>
				<string>YES</string>
				<key>CLANG_WARN_OBJC_ROOT_CLASS</key>
				<string>YES_ERROR</string>
				<key>CLANG_WARN__DUPLICATE_METHOD_MATCH</key>
				<string>YES</string>
				<key>CODE_SIGN_IDENTITY[sdk=iphoneos*]</key>
				<string>iPhone Developer</string>
				<key>COPY_PHASE_STRIP</key>
				<string>YES</string>
				<key>ENABLE_NS_ASSERTIONS</key>
				<string>NO</string>
				<key>GCC_C_LANGUAGE_STANDARD</key>
				<string>gnu99</string>
				<key>GCC_WARN_64_TO_32_BIT_CONVERSION</key>
				<string>YES</string>
				<key>GCC_WARN_ABOUT_RETURN_TYPE</key>
				<string>YES_ERROR</string>
				<key>GCC_WARN_UNDECLARED_SELECTOR</key>
				<string>YES</string>
				<key>GCC_WARN_UNINITIALIZED_AUTOS</key>
				<string>YES_AGGRESSIVE</string>
				<key>GCC_WARN_UNUSED_FUNCTION</key>
				<string>YES</string>
				<key>GCC_WARN_UNUSED_VARIABLE</key>
				<string>YES</string>
				<key>IPHONEOS_DEPLOYMENT_TARGET</key>
				<string>7.1</string>
				<key>SDKROOT</key>
				<string>iphoneos</string>
				<key>VALIDATE_PRODUCT</key>
				<string>YES</string>
			</dict>
			<key>isa</key>
			<string>XCBuildConfiguration</string>
			<key>name</key>
			<string>Release</string>
		</dict>
		<key>7BB9D23718F2AB2300B5AC66</key>
		<dict>
			<key>buildConfigurations</key>
			<array>
				<string>7BB9D23818F2AB2300B5AC66</string>
				<string>7BB9D23918F2AB2300B5AC66</string>
			</array>
			<key>defaultConfigurationIsVisible</key>
			<string>0</string>
			<key>isa</key>
			<string>XCConfigurationList</string>
		</dict>
		<key>7BB9D23818F2AB2300B5AC66</key>
		<dict>
			<key>baseConfigurationReference</key>
			<string>0851CEA1DDCE47C582B4B43A</string>
			<key>buildSettings</key>
			<dict>
				<key>ASSETCATALOG_COMPILER_APPICON_NAME</key>
				<string>AppIcon</string>
				<key>ASSETCATALOG_COMPILER_LAUNCHIMAGE_NAME</key>
				<string>LaunchImage</string>
				<key>GCC_PRECOMPILE_PREFIX_HEADER</key>
				<string>YES</string>
				<key>GCC_PREFIX_HEADER</key>
				<string>STMQuickRestKitExample/STMQuickRestKitExample-Prefix.pch</string>
				<key>INFOPLIST_FILE</key>
				<string>STMQuickRestKitExample/STMQuickRestKitExample-Info.plist</string>
				<key>PRODUCT_NAME</key>
				<string>$(TARGET_NAME)</string>
				<key>WRAPPER_EXTENSION</key>
				<string>app</string>
			</dict>
			<key>isa</key>
			<string>XCBuildConfiguration</string>
			<key>name</key>
			<string>Debug</string>
		</dict>
		<key>7BB9D23918F2AB2300B5AC66</key>
		<dict>
			<key>baseConfigurationReference</key>
			<string>0851CEA1DDCE47C582B4B43A</string>
			<key>buildSettings</key>
			<dict>
				<key>ASSETCATALOG_COMPILER_APPICON_NAME</key>
				<string>AppIcon</string>
				<key>ASSETCATALOG_COMPILER_LAUNCHIMAGE_NAME</key>
				<string>LaunchImage</string>
				<key>GCC_PRECOMPILE_PREFIX_HEADER</key>
				<string>YES</string>
				<key>GCC_PREFIX_HEADER</key>
				<string>STMQuickRestKitExample/STMQuickRestKitExample-Prefix.pch</string>
				<key>INFOPLIST_FILE</key>
				<string>STMQuickRestKitExample/STMQuickRestKitExample-Info.plist</string>
				<key>PRODUCT_NAME</key>
				<string>$(TARGET_NAME)</string>
				<key>WRAPPER_EXTENSION</key>
				<string>app</string>
			</dict>
			<key>isa</key>
			<string>XCBuildConfiguration</string>
			<key>name</key>
			<string>Release</string>
		</dict>
		<key>7BB9D23A18F2AB2300B5AC66</key>
		<dict>
			<key>buildConfigurations</key>
			<array>
				<string>7BB9D23B18F2AB2300B5AC66</string>
				<string>7BB9D23C18F2AB2300B5AC66</string>
			</array>
			<key>defaultConfigurationIsVisible</key>
			<string>0</string>
			<key>isa</key>
			<string>XCConfigurationList</string>
		</dict>
		<key>7BB9D23B18F2AB2300B5AC66</key>
		<dict>
			<key>buildSettings</key>
			<dict>
				<key>BUNDLE_LOADER</key>
				<string>$(BUILT_PRODUCTS_DIR)/STMQuickRestKitExample.app/STMQuickRestKitExample</string>
				<key>FRAMEWORK_SEARCH_PATHS</key>
				<array>
					<string>$(SDKROOT)/Developer/Library/Frameworks</string>
					<string>$(inherited)</string>
					<string>$(DEVELOPER_FRAMEWORKS_DIR)</string>
				</array>
				<key>GCC_PRECOMPILE_PREFIX_HEADER</key>
				<string>YES</string>
				<key>GCC_PREFIX_HEADER</key>
				<string>STMQuickRestKitExample/STMQuickRestKitExample-Prefix.pch</string>
				<key>GCC_PREPROCESSOR_DEFINITIONS</key>
				<array>
					<string>DEBUG=1</string>
					<string>$(inherited)</string>
				</array>
				<key>INFOPLIST_FILE</key>
				<string>STMQuickRestKitExampleTests/STMQuickRestKitExampleTests-Info.plist</string>
				<key>PRODUCT_NAME</key>
				<string>$(TARGET_NAME)</string>
				<key>TEST_HOST</key>
				<string>$(BUNDLE_LOADER)</string>
				<key>WRAPPER_EXTENSION</key>
				<string>xctest</string>
			</dict>
			<key>isa</key>
			<string>XCBuildConfiguration</string>
			<key>name</key>
			<string>Debug</string>
		</dict>
		<key>7BB9D23C18F2AB2300B5AC66</key>
		<dict>
			<key>buildSettings</key>
			<dict>
				<key>BUNDLE_LOADER</key>
				<string>$(BUILT_PRODUCTS_DIR)/STMQuickRestKitExample.app/STMQuickRestKitExample</string>
				<key>FRAMEWORK_SEARCH_PATHS</key>
				<array>
					<string>$(SDKROOT)/Developer/Library/Frameworks</string>
					<string>$(inherited)</string>
					<string>$(DEVELOPER_FRAMEWORKS_DIR)</string>
				</array>
				<key>GCC_PRECOMPILE_PREFIX_HEADER</key>
				<string>YES</string>
				<key>GCC_PREFIX_HEADER</key>
				<string>STMQuickRestKitExample/STMQuickRestKitExample-Prefix.pch</string>
				<key>INFOPLIST_FILE</key>
				<string>STMQuickRestKitExampleTests/STMQuickRestKitExampleTests-Info.plist</string>
				<key>PRODUCT_NAME</key>
				<string>$(TARGET_NAME)</string>
				<key>TEST_HOST</key>
				<string>$(BUNDLE_LOADER)</string>
				<key>WRAPPER_EXTENSION</key>
				<string>xctest</string>
			</dict>
			<key>isa</key>
			<string>XCBuildConfiguration</string>
			<key>name</key>
			<string>Release</string>
		</dict>
		<key>7BB9D23D18F2AB4600B5AC66</key>
		<dict>
			<key>isa</key>
			<string>PBXFileReference</string>
			<key>lastKnownFileType</key>
			<string>image.png</string>
			<key>path</key>
			<string>apple.png</string>
			<key>sourceTree</key>
			<string>&lt;group&gt;</string>
		</dict>
		<key>7BB9D23E18F2AB4600B5AC66</key>
		<dict>
			<key>fileEncoding</key>
			<string>4</string>
			<key>isa</key>
			<string>PBXFileReference</string>
			<key>lastKnownFileType</key>
			<string>sourcecode.c.h</string>
			<key>path</key>
			<string>STMAppDelegate.h</string>
			<key>sourceTree</key>
			<string>&lt;group&gt;</string>
		</dict>
		<key>7BB9D23F18F2AB4600B5AC66</key>
		<dict>
			<key>fileEncoding</key>
			<string>4</string>
			<key>isa</key>
			<string>PBXFileReference</string>
			<key>lastKnownFileType</key>
			<string>sourcecode.c.objc</string>
			<key>path</key>
			<string>STMAppDelegate.m</string>
			<key>sourceTree</key>
			<string>&lt;group&gt;</string>
		</dict>
		<key>7BB9D24018F2AB4600B5AC66</key>
		<dict>
			<key>fileEncoding</key>
			<string>4</string>
			<key>isa</key>
			<string>PBXFileReference</string>
			<key>lastKnownFileType</key>
			<string>sourcecode.c.h</string>
			<key>path</key>
			<string>STMAppStoreModel.h</string>
			<key>sourceTree</key>
			<string>&lt;group&gt;</string>
		</dict>
		<key>7BB9D24118F2AB4600B5AC66</key>
		<dict>
			<key>fileEncoding</key>
			<string>4</string>
			<key>isa</key>
			<string>PBXFileReference</string>
			<key>lastKnownFileType</key>
			<string>sourcecode.c.objc</string>
			<key>path</key>
			<string>STMAppStoreModel.m</string>
			<key>sourceTree</key>
			<string>&lt;group&gt;</string>
		</dict>
		<key>7BB9D24218F2AB4600B5AC66</key>
		<dict>
			<key>fileEncoding</key>
			<string>4</string>
			<key>isa</key>
			<string>PBXFileReference</string>
			<key>lastKnownFileType</key>
			<string>sourcecode.c.h</string>
			<key>path</key>
			<string>STMAppStoreResponse.h</string>
			<key>sourceTree</key>
			<string>&lt;group&gt;</string>
		</dict>
		<key>7BB9D24318F2AB4600B5AC66</key>
		<dict>
			<key>fileEncoding</key>
			<string>4</string>
			<key>isa</key>
			<string>PBXFileReference</string>
			<key>lastKnownFileType</key>
			<string>sourcecode.c.objc</string>
			<key>path</key>
			<string>STMAppStoreResponse.m</string>
			<key>sourceTree</key>
			<string>&lt;group&gt;</string>
		</dict>
		<key>7BB9D24418F2AB4600B5AC66</key>
		<dict>
			<key>fileEncoding</key>
			<string>4</string>
			<key>isa</key>
			<string>PBXFileReference</string>
			<key>lastKnownFileType</key>
			<string>sourcecode.c.h</string>
			<key>path</key>
			<string>STMListViewController.h</string>
			<key>sourceTree</key>
			<string>&lt;group&gt;</string>
		</dict>
		<key>7BB9D24518F2AB4600B5AC66</key>
		<dict>
			<key>fileEncoding</key>
			<string>4</string>
			<key>isa</key>
			<string>PBXFileReference</string>
			<key>lastKnownFileType</key>
			<string>sourcecode.c.objc</string>
			<key>path</key>
			<string>STMListViewController.m</string>
			<key>sourceTree</key>
			<string>&lt;group&gt;</string>
		</dict>
		<key>7BB9D24618F2AB4600B5AC66</key>
		<dict>
			<key>fileEncoding</key>
			<string>4</string>
			<key>isa</key>
			<string>PBXFileReference</string>
			<key>lastKnownFileType</key>
			<string>sourcecode.c.h</string>
			<key>path</key>
			<string>STMMovieTableViewCell.h</string>
			<key>sourceTree</key>
			<string>&lt;group&gt;</string>
		</dict>
		<key>7BB9D24718F2AB4600B5AC66</key>
		<dict>
			<key>fileEncoding</key>
			<string>4</string>
			<key>isa</key>
			<string>PBXFileReference</string>
			<key>lastKnownFileType</key>
			<string>sourcecode.c.objc</string>
			<key>path</key>
			<string>STMMovieTableViewCell.m</string>
			<key>sourceTree</key>
			<string>&lt;group&gt;</string>
		</dict>
		<key>7BB9D24818F2AB4600B5AC66</key>
		<dict>
			<key>children</key>
			<array>
				<string>7BB9D24918F2AB4600B5AC66</string>
			</array>
			<key>currentVersion</key>
			<string>7BB9D24918F2AB4600B5AC66</string>
			<key>isa</key>
			<string>XCVersionGroup</string>
			<key>path</key>
			<string>STMQuickRestKit.xcdatamodeld</string>
			<key>sourceTree</key>
			<string>&lt;group&gt;</string>
			<key>versionGroupType</key>
			<string>wrapper.xcdatamodel</string>
		</dict>
		<key>7BB9D24918F2AB4600B5AC66</key>
		<dict>
			<key>isa</key>
			<string>PBXFileReference</string>
			<key>lastKnownFileType</key>
			<string>wrapper.xcdatamodel</string>
			<key>path</key>
			<string>STMQuickRestKit.xcdatamodel</string>
			<key>sourceTree</key>
			<string>&lt;group&gt;</string>
		</dict>
		<key>7BB9D24A18F2AB4600B5AC66</key>
		<dict>
			<key>fileEncoding</key>
			<string>4</string>
			<key>isa</key>
			<string>PBXFileReference</string>
			<key>lastKnownFileType</key>
			<string>file.storyboard</string>
			<key>path</key>
			<string>Storyboard.storyboard</string>
			<key>sourceTree</key>
			<string>&lt;group&gt;</string>
		</dict>
		<key>7BB9D24B18F2AB4600B5AC66</key>
		<dict>
			<key>fileRef</key>
			<string>7BB9D23D18F2AB4600B5AC66</string>
			<key>isa</key>
			<string>PBXBuildFile</string>
		</dict>
		<key>7BB9D24C18F2AB4600B5AC66</key>
		<dict>
			<key>fileRef</key>
			<string>7BB9D23F18F2AB4600B5AC66</string>
			<key>isa</key>
			<string>PBXBuildFile</string>
		</dict>
		<key>7BB9D24D18F2AB4600B5AC66</key>
		<dict>
			<key>fileRef</key>
			<string>7BB9D24118F2AB4600B5AC66</string>
			<key>isa</key>
			<string>PBXBuildFile</string>
		</dict>
		<key>7BB9D24E18F2AB4600B5AC66</key>
		<dict>
			<key>fileRef</key>
			<string>7BB9D24318F2AB4600B5AC66</string>
			<key>isa</key>
			<string>PBXBuildFile</string>
		</dict>
		<key>7BB9D24F18F2AB4600B5AC66</key>
		<dict>
			<key>fileRef</key>
			<string>7BB9D24518F2AB4600B5AC66</string>
			<key>isa</key>
			<string>PBXBuildFile</string>
		</dict>
		<key>7BB9D25018F2AB4600B5AC66</key>
		<dict>
			<key>fileRef</key>
			<string>7BB9D24718F2AB4600B5AC66</string>
			<key>isa</key>
			<string>PBXBuildFile</string>
		</dict>
		<key>7BB9D25118F2AB4600B5AC66</key>
		<dict>
			<key>fileRef</key>
			<string>7BB9D24818F2AB4600B5AC66</string>
			<key>isa</key>
			<string>PBXBuildFile</string>
		</dict>
		<key>7BB9D25218F2AB4600B5AC66</key>
		<dict>
			<key>fileRef</key>
			<string>7BB9D24A18F2AB4600B5AC66</string>
			<key>isa</key>
			<string>PBXBuildFile</string>
		</dict>
		<key>F48A067B68BD490DA81F7B48</key>
		<dict>
			<key>fileRef</key>
			<string>5E69FD0A457B48C1AF156D8E</string>
			<key>isa</key>
			<string>PBXBuildFile</string>
		</dict>
	</dict>
	<key>rootObject</key>
	<string>7BB9D1FD18F2AB2200B5AC66</string>
</dict>
</plist>
